
Microsoft Visual Studio Solution File, Format Version 12.00
# Visual Studio Version 17
VisualStudioVersion = 17.9.34622.214
MinimumVisualStudioVersion = 10.0.40219.1
Project("{FAE04EC0-301F-11D3-BF4B-00C04F79EFBC}") = "EpilLaserLab.Server", "EpilLaserLab.Server\EpilLaserLab.Server.csproj", "{46CB3D76-B5E8-42AE-9E33-01378A82EF76}"
EndProject
Project("{54A90642-561A-4BB1-A94E-469ADEE60C69}") = "epillaserlab.client", "epillaserlab.client\epillaserlab.client.esproj", "{8D8EEABA-9C01-4A07-B025-E787B9C8E14C}"
EndProject
Global
	GlobalSection(SolutionConfigurationPlatforms) = preSolution
		Debug|Any CPU = Debug|Any CPU
		Release|Any CPU = Release|Any CPU
	EndGlobalSection
	GlobalSection(ProjectConfigurationPlatforms) = postSolution
		{46CB3D76-B5E8-42AE-9E33-01378A82EF76}.Debug|Any CPU.ActiveCfg = Debug|Any CPU
		{46CB3D76-B5E8-42AE-9E33-01378A82EF76}.Debug|Any CPU.Build.0 = Debug|Any CPU
		{46CB3D76-B5E8-42AE-9E33-01378A82EF76}.Release|Any CPU.ActiveCfg = Release|Any CPU
		{46CB3D76-B5E8-42AE-9E33-01378A82EF76}.Release|Any CPU.Build.0 = Release|Any CPU
		{8D8EEABA-9C01-4A07-B025-E787B9C8E14C}.Debug|Any CPU.ActiveCfg = Debug|Any CPU
		{8D8EEABA-9C01-4A07-B025-E787B9C8E14C}.Debug|Any CPU.Build.0 = Debug|Any CPU
		{8D8EEABA-9C01-4A07-B025-E787B9C8E14C}.Debug|Any CPU.Deploy.0 = Debug|Any CPU
		{8D8EEABA-9C01-4A07-B025-E787B9C8E14C}.Release|Any CPU.ActiveCfg = Release|Any CPU
		{8D8EEABA-9C01-4A07-B025-E787B9C8E14C}.Release|Any CPU.Build.0 = Release|Any CPU
		{8D8EEABA-9C01-4A07-B025-E787B9C8E14C}.Release|Any CPU.Deploy.0 = Release|Any CPU
	EndGlobalSection
	GlobalSection(SolutionProperties) = preSolution
		HideSolutionNode = FALSE
	EndGlobalSection
	GlobalSection(ExtensibilityGlobals) = postSolution
		SolutionGuid = {B3268241-C605-4F96-8768-C7A4102DF209}
	EndGlobalSection
EndGlobal
